
Microsoft Visual Studio Solution File, Format Version 12.00
# Visual Studio Version 17
VisualStudioVersion = 17.14.36623.8 d17.14
MinimumVisualStudioVersion = 10.0.40219.1
Project("{FAE04EC0-301F-11D3-BF4B-00C04F79EFBC}") = "src", "src\src.csproj", "{2354E89E-DE1B-4C67-A3D1-8AD6330B7DC6}"
EndProject
Global
	GlobalSection(SolutionConfigurationPlatforms) = preSolution
		Debug|Any CPU = Debug|Any CPU
		Release|Any CPU = Release|Any CPU
	EndGlobalSection
	GlobalSection(ProjectConfigurationPlatforms) = postSolution
		{2354E89E-DE1B-4C67-A3D1-8AD6330B7DC6}.Debug|Any CPU.ActiveCfg = Debug|Any CPU
		{2354E89E-DE1B-4C67-A3D1-8AD6330B7DC6}.Debug|Any CPU.Build.0 = Debug|Any CPU
		{2354E89E-DE1B-4C67-A3D1-8AD6330B7DC6}.Release|Any CPU.ActiveCfg = Release|Any CPU
		{2354E89E-DE1B-4C67-A3D1-8AD6330B7DC6}.Release|Any CPU.Build.0 = Release|Any CPU
	EndGlobalSection
	GlobalSection(SolutionProperties) = preSolution
		HideSolutionNode = FALSE
	EndGlobalSection
	GlobalSection(ExtensibilityGlobals) = postSolution
		SolutionGuid = {F88B5143-9E3E-412D-9342-A567B23D5C01}
	EndGlobalSection
EndGlobal
