
Microsoft Visual Studio Solution File, Format Version 12.00
# Visual Studio Version 17
VisualStudioVersion = 17.14.36623.8
MinimumVisualStudioVersion = 10.0.40219.1
Project("{FAE04EC0-301F-11D3-BF4B-00C04F79EFBC}") = "src", "src\src.csproj", "{CFFEAB46-14B3-4218-8449-CCFC3433C134}"
EndProject
Global
	GlobalSection(SolutionConfigurationPlatforms) = preSolution
		Debug|Any CPU = Debug|Any CPU
		Release|Any CPU = Release|Any CPU
	EndGlobalSection
	GlobalSection(ProjectConfigurationPlatforms) = postSolution
		{CFFEAB46-14B3-4218-8449-CCFC3433C134}.Debug|Any CPU.ActiveCfg = Debug|Any CPU
		{CFFEAB46-14B3-4218-8449-CCFC3433C134}.Debug|Any CPU.Build.0 = Debug|Any CPU
		{CFFEAB46-14B3-4218-8449-CCFC3433C134}.Release|Any CPU.ActiveCfg = Release|Any CPU
		{CFFEAB46-14B3-4218-8449-CCFC3433C134}.Release|Any CPU.Build.0 = Release|Any CPU
	EndGlobalSection
	GlobalSection(SolutionProperties) = preSolution
		HideSolutionNode = FALSE
	EndGlobalSection
	GlobalSection(ExtensibilityGlobals) = postSolution
		SolutionGuid = {594AE054-9ACC-4C21-B349-51F18FA45339}
	EndGlobalSection
EndGlobal
